{
    "_meta": {
        "hash": {
            "sha256": "1a53a7ddb8f29de40d8ae55147078180f5449cabd88b014fce288ae22ccffeb5"
        },
        "pipfile-spec": 6,
        "requires": {
            "python_version": "3.12"
        },
        "sources": [
            {
                "name": "pypi",
                "url": "https://pypi.org/simple",
                "verify_ssl": true
            }
        ]
    },
    "default": {
        "amdsmi": {
            "hashes": [
                "sha256:3e622e48c630b889045a6f57387455cdf082066348718172dd8af6d275baf8f2",
                "sha256:db5aa757f8ed82dfd799c4d39e2828542678dc4e485b0ab7fabe5f398fec5652"
            ],
            "index": "pypi",
            "markers": "python_version >= '3.6'",
            "version": "==7.0.2"
        },
        "certifi": {
            "hashes": [
                "sha256:62f22742b58a1a33014a2b6b706588a8d7e2a88ae7bd1a6ebe8c992928483775",
                "sha256:741e2c3b351ddf169a738da9f2c048608ff7f2c5cc02f1ebc6b118bb090d5d55"
            ],
            "markers": "python_version >= '3.7'",
            "version": "==2026.7.22"
        },
        "influxdb3-python": {
            "hashes": [
                "sha256:53663a8e9f7f3e8d37b6fe9a37cb9d6e6356e16ffd6e1d837dcedf81c15e1011",
                "sha256:6c7a84c0d8f56860d90eabd4c790b88ca4425b896588ad1a213a5173256d481b"
            ],
            "index": "pypi",
            "markers": "python_version >= '3.9'",
            "version": "==0.21.0"
        },
        "nvidia-ml-py": {
            "hashes": [
                "sha256:959bf4adf6fe1308e4bd739e722236b0d1ec8392e2cefad33ff70c311380b9b6",
                "sha256:bebe4e48f51b1dc75028c0815cb7bfa14a31a5bb80be70c9d980c6036953fc3d"
            ],
            "index": "pypi",
            "version": "==13.615.71"
        },
        "psutil": {
            "hashes": [
                "sha256:0746f5f8d406af344fd547f1c8daa5f5c33dbc293bb8d6a16d80b4bb88f59372",
                "sha256:076a2d2f923fd4821644f5ba89f059523da90dc9014e85f8e45a5774ca5bc6f9",
                "sha256:11fe5a4f613759764e79c65cf11ebdf26e33d6dd34336f8a337aa2996d71c841",
                "sha256:1a571f2330c966c62aeda00dd24620425d4b0cc86881c89861fbc04549e5dc63",
                "sha256:1a7b04c10f32cc88ab39cbf606e117fd74721c831c98a27dc04578deb0c16979",
                "sha256:1fa4ecf83bcdf6e6c8f4449aff98eefb5d0604bf88cb883d7da3d8d2d909546a",
                "sha256:2edccc433cbfa046b980b0df0171cd25bcaeb3a68fe9022db0979e7aa74a826b",
                "sha256:7b6d09433a10592ce39b13d7be5a54fbac1d1228ed29abc880fb23df7cb694c9",
                "sha256:8c233660f575a5a89e6d4cb65d9f938126312bca76d8fe087b947b3a1aaac9ee",
                "sha256:917e891983ca3c1887b4ef36447b1e0873e70c933afc831c6b6da078ba474312",
                "sha256:ab486563df44c17f5173621c7b198955bd6b613fb87c71c161f827d3fb149a9b",
                "sha256:ae0aefdd8796a7737eccea863f80f81e468a1e4cf14d926bd9b6f5f2d5f90ca9",
                "sha256:b0726cecd84f9474419d67252add4ac0cd9811b04d61123054b9fb6f57df6e9e",
                "sha256:b58fabe35e80b264a4e3bb23e6b96f9e45a3df7fb7eed419ac0e5947c61e47cc",
                "sha256:c7663d4e37f13e884d13994247449e9f8f574bc4655d509c3b95e9ec9e2b9dc1",
                "sha256:e452c464a02e7dc7822a05d25db4cde564444a67e58539a00f929c51eddda0cf",
                "sha256:e78c8603dcd9a04c7364f1a3e670cea95d51ee865e4efb3556a3a63adef958ea",
                "sha256:eb7e81434c8d223ec4a219b5fc1c47d0417b12be7ea866e24fb5ad6e84b3d988",
                "sha256:ed0cace939114f62738d808fdcecd4c869222507e266e574799e9c0faa17d486",
                "sha256:eed63d3b4d62449571547b60578c5b2c4bcccc5387148db46e0c2313dad0ee00",
                "sha256:fd04ef36b4a6d599bbdb225dd1d3f51e00105f6d48a28f006da7f9822f2606d8"
            ],
            "index": "pypi",
            "markers": "python_version >= '3.6'",
            "version": "==7.2.2"
        },
        "pyarrow": {
            "hashes": [
                "sha256:0b1edbb2f385a6a65e9711b62ba86ac54a7816a3f8d17bb3e8a5929d65fb2485",
                "sha256:0b726ad7e7b669be982b0c71c07fe4b037d654354130da79a7902a669e93a66b",
                "sha256:0befcf816e45a1af33ac775a9970b749e4868a230c7372f0ae5e932bee27039f",
                "sha256:0fe7c8b6c03969b49c8c66182e4a18e3819ab92d07cfab5d8370c531b9369ef0",
                "sha256:119297a6dc197e45d9c6d4415f7814a67ffa36c180d26f68c154c58067ae782d",
                "sha256:169d3429d5be7c752125890620f75a60776d38b0035eddae939651640822332e",
                "sha256:25f8720bf6387d5dc2ebd2622112de630760419e4b66134405dd24110d15f37e",
                "sha256:31e49a7888fcdf3a835da33ae777f6bb9a866334e5a789282fc26dcf426f7f15",
                "sha256:35935cd5de130aa5cf4dea052a63e6bf2e17006c35c3a468194242b9b2bf5956",
                "sha256:38a9a4b4b9613380e200641891495a56c3d5a98a092db4a870af9975e220471d",
                "sha256:3f89685964f46e4216103c75483aac0c0692a5f72212d7ca835adba5ede56ce3",
                "sha256:4288f27577352d608ca08553b0865e4a9b3aa14820c5d95b53337218d609835b",
                "sha256:4340f0ba6c1d2e13f21658de1d7c662ca2545018568d0030a1e9afca159d87e3",
                "sha256:44a9120ce5bd81936b8ab9a88076e3fd47c2c6838e0e43630fed83626aca81d9",
                "sha256:4facd65742a024a4a366328a1d2292062d72d6e023c1b7dda8d4c37544933a25",
                "sha256:51093dd9e10325fbdb3c10a2ae7c4806e5c822d94e74ae4938b26524a3323fee",
                "sha256:514ddb60285631af068875550c90eddc181db3e8e63a032b1559be189e82f056",
                "sha256:5389cdf79447ed1515c9e31620e6e1e2302249564d603f2ad727d4f6d313e4c3",
                "sha256:59a2de54c0cbd954da861eee4d1d330f8e909c45b53455baef696380f2c55033",
                "sha256:60e89d8f13861a1f7f8d950fa54aebb8023b30734d0ac51ffa80beabe2df4bba",
                "sha256:6109c94d8b9f3b17a041daca16cacb2f651ad8f1ef70a4232c2c0f37a23da2a8",
                "sha256:62cd0d785b8aa6675ee355f9fc02252a340f4441257c42674937826fd7594325",
                "sha256:6943e2fe7954d29d84de45d29d34c8dc36ce96570e67d89aa9976e650a4a9138",
                "sha256:6a1fdfc6659b6b19022f2e50627fb5cf7156a66c46bf4299379955cbe742382a",
                "sha256:880523be3d29efcf83d3998835d206118ccf35e3871dbd2fb60408cf6b007a80",
                "sha256:8858d7bfc22e3f51529aeaa4077225029724623e4595dc9eff8c793935c34140",
                "sha256:9150a83248bfed9813ea3c3af74c3856c1984d444aa28e58bf7733b9750ddf6a",
                "sha256:9171748cdf796972d85a4b60157c279913e242992e350c90c7450182a9838b2a",
                "sha256:a4d6d5e9a3d1879a97c08ded0c797579b7965eafd0f0c26c30b45ccc06db939b",
                "sha256:a4dd8bf99a8fac133efc0ed6a92f5fddbe2adba0d0f6dd720e39ba9855cea85c",
                "sha256:aa0559502e1cd6254d6814614085dd9c5a3dd0419362978a936a3f68a9e5c3df",
                "sha256:b7a296aac7a71fa0886c08e155ddb6c636a50013f801f6178daafa0f9e726188",
                "sha256:bddd0c4f7630c2a3ddf6347c1bdaa79d97bcf6bd445f9e60c816b7d77c85a5ae",
                "sha256:bf0b672390cdcb640d7288f96b826d71ff4e9abb254a86c89890baf51a29cee6",
                "sha256:c7c534ec03c358a76ea3e505e74c1b6aef290af90c444dfd092dbfe23e755b85",
                "sha256:cab40b1edfef0262e0e5251aa2c58d75630f24d06dd7794480243acc001a1d7d",
                "sha256:cc4aa407fde9fc660be3939e49ea31f50f3e9fec17c0ec63159f7711edd3efc9",
                "sha256:d51592cb7561e87877c506113e7adbf1342ab579e6c21f0ef44b8ba41cb74c80",
                "sha256:dda9470024204d7bbf2042b47c6e8a0e47a3eeb8e34405882dfaea6577e0c153",
                "sha256:df961f2e7ae9cf496459259d798652c70625f6c080650d6952f8c04053c58ee9",
                "sha256:eb6203482ff3746a5632303a7279ae0b5a304c46985b49ed1378cb350ea6728d",
                "sha256:f3831aaa25c67a99f99dc8b05873cb9d64560390372e2aa197ce9dd4a3f06a44",
                "sha256:f729cfdbd36fd99d543b67a914d2de044c84ebe45be8b34902b299b608c15c8f"
            ],
            "markers": "python_version >= '3.10'",
            "version": "==25.0.1"
        },
        "python-dateutil": {
            "hashes": [
                "sha256:37dd54208da7e1cd875388217d5e00ebd4179249f90fb72437e91a35459a0ad3",
                "sha256:a8b2bc7bffae282281c8140a97d3aa9c14da0b136dfe83f850eea9a5f7470427"
            ],
            "markers": "python_version >= '2.7' and python_version not in '3.0, 3.1, 3.2'",
            "version": "==2.9.0.post0"
        },
        "reactivex": {
            "hashes": [
                "sha256:8668c0a3c8ae8694f1180421b367489d35a8affa281a3605014bf54364eed3a0",
                "sha256:b6b40269ebcbf24c53455c1b6790d682122cc8c01c907b8c8da47e2babb3b77e"
            ],
            "markers": "python_version >= '3.10' and python_version < '4.0'",
            "version": "==5.1.0"
        },
        "six": {
            "hashes": [
                "sha256:4721f391ed90541fddacab5acf947aa0d3dc7d27b2e1e8eda2be8970586c3274",
                "sha256:ff70335d468e7eb6ec65b95b99d3a2836546063f63acc5171de367e834932a81"
            ],
            "markers": "python_version >= '2.7' and python_version not in '3.0, 3.1, 3.2'",
            "version": "==1.17.0"
        },
        "typing-extensions": {
            "hashes": [
                "sha256:481caa481374e813c1b176ada14e97f1f67a4539ce9cfeb3f350d78d6370c2e8",
                "sha256:dc983d19a509c94dba722ee6abd33940f7c05a89e243c47e907eb4db6f1a43e5"
            ],
            "markers": "python_version >= '3.9'",
            "version": "==4.16.0"
        },
        "urllib3": {
            "hashes": [
                "sha256:0cf3cae568d36aa9576b28dfb35f11328f1cb974ca7647d9475ebb86c75ac6e3",
                "sha256:63bf2ead4c879426ebf22ef2a781eeb4aa3b4ae798a0435506f8687fd5bb9b63"
            ],
            "markers": "python_version >= '3.10'",
            "version": "==2.8.0"
        }
    },
    "develop": {}
}
